
Microsoft Visual Studio Solution File, Format Version 12.00
# Visual Studio Version 17
VisualStudioVersion = 17.2.32526.322
MinimumVisualStudioVersion = 10.0.40219.1
Project("{2150E333-8FDC-42A3-9474-1A3956D46DE8}") = "Core", "Core", "{B9A1B228-DE32-437D-B485-E70DEB82355B}"
EndProject
Project("{2150E333-8FDC-42A3-9474-1A3956D46DE8}") = "Presentations", "Presentations", "{28482656-8442-4D37-8F7A-12F28671231E}"
EndProject
Project("{2150E333-8FDC-42A3-9474-1A3956D46DE8}") = "LogicProviders", "LogicProviders", "{56AACC33-B66E-4701-AE7F-AC513AA3B983}"
EndProject
Project("{FAE04EC0-301F-11D3-BF4B-00C04F79EFBC}") = "Petaverse.UWP.Core", "src\Core\Petaverse.UWP.Core\Petaverse.UWP.Core.csproj", "{CEC86A4C-6CA1-413B-A095-01C871F05DAF}"
EndProject
Project("{FAE04EC0-301F-11D3-BF4B-00C04F79EFBC}") = "Petaverse", "src\Presentations\Petaverse\Petaverse.csproj", "{8966C530-0C7C-4B2B-BA50-75470076B853}"
EndProject
Project("{FAE04EC0-301F-11D3-BF4B-00C04F79EFBC}") = "Petaverse.UWP.Contracts", "src\Core\Petaverse.UWP.Contracts\Petaverse.UWP.Contracts.csproj", "{31280A9C-BBD1-431E-B618-B26EFD95C4AE}"
EndProject
Project("{FAE04EC0-301F-11D3-BF4B-00C04F79EFBC}") = "Petaverse.UWP.LogicProvider.Offline", "src\LogicProviders\Petaverse.UWP.LogicProvider.Offline\Petaverse.UWP.LogicProvider.Offline.csproj", "{D98228C9-010B-4ACE-87C3-6866E57C7DEC}"
EndProject
Global
	GlobalSection(SolutionConfigurationPlatforms) = preSolution
		Debug|Any CPU = Debug|Any CPU
		Debug|ARM = Debug|ARM
		Debug|ARM64 = Debug|ARM64
		Debug|x64 = Debug|x64
		Debug|x86 = Debug|x86
		Release|Any CPU = Release|Any CPU
		Release|ARM = Release|ARM
		Release|ARM64 = Release|ARM64
		Release|x64 = Release|x64
		Release|x86 = Release|x86
	EndGlobalSection
	GlobalSection(ProjectConfigurationPlatforms) = postSolution
		{CEC86A4C-6CA1-413B-A095-01C871F05DAF}.Debug|Any CPU.ActiveCfg = Debug|Any CPU
		{CEC86A4C-6CA1-413B-A095-01C871F05DAF}.Debug|Any CPU.Build.0 = Debug|Any CPU
		{CEC86A4C-6CA1-413B-A095-01C871F05DAF}.Debug|ARM.ActiveCfg = Debug|ARM
		{CEC86A4C-6CA1-413B-A095-01C871F05DAF}.Debug|ARM.Build.0 = Debug|ARM
		{CEC86A4C-6CA1-413B-A095-01C871F05DAF}.Debug|ARM64.ActiveCfg = Debug|ARM64
		{CEC86A4C-6CA1-413B-A095-01C871F05DAF}.Debug|ARM64.Build.0 = Debug|ARM64
		{CEC86A4C-6CA1-413B-A095-01C871F05DAF}.Debug|x64.ActiveCfg = Debug|x64
		{CEC86A4C-6CA1-413B-A095-01C871F05DAF}.Debug|x64.Build.0 = Debug|x64
		{CEC86A4C-6CA1-413B-A095-01C871F05DAF}.Debug|x86.ActiveCfg = Debug|x86
		{CEC86A4C-6CA1-413B-A095-01C871F05DAF}.Debug|x86.Build.0 = Debug|x86
		{CEC86A4C-6CA1-413B-A095-01C871F05DAF}.Release|Any CPU.ActiveCfg = Release|Any CPU
		{CEC86A4C-6CA1-413B-A095-01C871F05DAF}.Release|Any CPU.Build.0 = Release|Any CPU
		{CEC86A4C-6CA1-413B-A095-01C871F05DAF}.Release|ARM.ActiveCfg = Release|ARM
		{CEC86A4C-6CA1-413B-A095-01C871F05DAF}.Release|ARM.Build.0 = Release|ARM
		{CEC86A4C-6CA1-413B-A095-01C871F05DAF}.Release|ARM64.ActiveCfg = Release|ARM64
		{CEC86A4C-6CA1-413B-A095-01C871F05DAF}.Release|ARM64.Build.0 = Release|ARM64
		{CEC86A4C-6CA1-413B-A095-01C871F05DAF}.Release|x64.ActiveCfg = Release|x64
		{CEC86A4C-6CA1-413B-A095-01C871F05DAF}.Release|x64.Build.0 = Release|x64
		{CEC86A4C-6CA1-413B-A095-01C871F05DAF}.Release|x86.ActiveCfg = Release|x86
		{CEC86A4C-6CA1-413B-A095-01C871F05DAF}.Release|x86.Build.0 = Release|x86
		{8966C530-0C7C-4B2B-BA50-75470076B853}.Debug|Any CPU.ActiveCfg = Debug|Any CPU
		{8966C530-0C7C-4B2B-BA50-75470076B853}.Debug|Any CPU.Build.0 = Debug|Any CPU
		{8966C530-0C7C-4B2B-BA50-75470076B853}.Debug|Any CPU.Deploy.0 = Debug|Any CPU
		{8966C530-0C7C-4B2B-BA50-75470076B853}.Debug|ARM.ActiveCfg = Debug|ARM
		{8966C530-0C7C-4B2B-BA50-75470076B853}.Debug|ARM.Build.0 = Debug|ARM
		{8966C530-0C7C-4B2B-BA50-75470076B853}.Debug|ARM.Deploy.0 = Debug|ARM
		{8966C530-0C7C-4B2B-BA50-75470076B853}.Debug|ARM64.ActiveCfg = Debug|ARM64
		{8966C530-0C7C-4B2B-BA50-75470076B853}.Debug|ARM64.Build.0 = Debug|ARM64
		{8966C530-0C7C-4B2B-BA50-75470076B853}.Debug|ARM64.Deploy.0 = Debug|ARM64
		{8966C530-0C7C-4B2B-BA50-75470076B853}.Debug|x64.ActiveCfg = Debug|x64
		{8966C530-0C7C-4B2B-BA50-75470076B853}.Debug|x64.Build.0 = Debug|x64
		{8966C530-0C7C-4B2B-BA50-75470076B853}.Debug|x64.Deploy.0 = Debug|x64
		{8966C530-0C7C-4B2B-BA50-75470076B853}.Debug|x86.ActiveCfg = Debug|x86
		{8966C530-0C7C-4B2B-BA50-75470076B853}.Debug|x86.Build.0 = Debug|x86
		{8966C530-0C7C-4B2B-BA50-75470076B853}.Debug|x86.Deploy.0 = Debug|x86
		{8966C530-0C7C-4B2B-BA50-75470076B853}.Release|Any CPU.ActiveCfg = Release|Any CPU
		{8966C530-0C7C-4B2B-BA50-75470076B853}.Release|Any CPU.Build.0 = Release|Any CPU
		{8966C530-0C7C-4B2B-BA50-75470076B853}.Release|Any CPU.Deploy.0 = Release|Any CPU
		{8966C530-0C7C-4B2B-BA50-75470076B853}.Release|ARM.ActiveCfg = Release|ARM
		{8966C530-0C7C-4B2B-BA50-75470076B853}.Release|ARM.Build.0 = Release|ARM
		{8966C530-0C7C-4B2B-BA50-75470076B853}.Release|ARM.Deploy.0 = Release|ARM
		{8966C530-0C7C-4B2B-BA50-75470076B853}.Release|ARM64.ActiveCfg = Release|ARM64
		{8966C530-0C7C-4B2B-BA50-75470076B853}.Release|ARM64.Build.0 = Release|ARM64
		{8966C530-0C7C-4B2B-BA50-75470076B853}.Release|ARM64.Deploy.0 = Release|ARM64
		{8966C530-0C7C-4B2B-BA50-75470076B853}.Release|x64.ActiveCfg = Release|x64
		{8966C530-0C7C-4B2B-BA50-75470076B853}.Release|x64.Build.0 = Release|x64
		{8966C530-0C7C-4B2B-BA50-75470076B853}.Release|x64.Deploy.0 = Release|x64
		{8966C530-0C7C-4B2B-BA50-75470076B853}.Release|x86.ActiveCfg = Release|x86
		{8966C530-0C7C-4B2B-BA50-75470076B853}.Release|x86.Build.0 = Release|x86
		{8966C530-0C7C-4B2B-BA50-75470076B853}.Release|x86.Deploy.0 = Release|x86
		{31280A9C-BBD1-431E-B618-B26EFD95C4AE}.Debug|Any CPU.ActiveCfg = Debug|Any CPU
		{31280A9C-BBD1-431E-B618-B26EFD95C4AE}.Debug|Any CPU.Build.0 = Debug|Any CPU
		{31280A9C-BBD1-431E-B618-B26EFD95C4AE}.Debug|ARM.ActiveCfg = Debug|ARM
		{31280A9C-BBD1-431E-B618-B26EFD95C4AE}.Debug|ARM.Build.0 = Debug|ARM
		{31280A9C-BBD1-431E-B618-B26EFD95C4AE}.Debug|ARM64.ActiveCfg = Debug|ARM64
		{31280A9C-BBD1-431E-B618-B26EFD95C4AE}.Debug|ARM64.Build.0 = Debug|ARM64
		{31280A9C-BBD1-431E-B618-B26EFD95C4AE}.Debug|x64.ActiveCfg = Debug|x64
		{31280A9C-BBD1-431E-B618-B26EFD95C4AE}.Debug|x64.Build.0 = Debug|x64
		{31280A9C-BBD1-431E-B618-B26EFD95C4AE}.Debug|x86.ActiveCfg = Debug|x86
		{31280A9C-BBD1-431E-B618-B26EFD95C4AE}.Debug|x86.Build.0 = Debug|x86
		{31280A9C-BBD1-431E-B618-B26EFD95C4AE}.Release|Any CPU.ActiveCfg = Release|Any CPU
		{31280A9C-BBD1-431E-B618-B26EFD95C4AE}.Release|Any CPU.Build.0 = Release|Any CPU
		{31280A9C-BBD1-431E-B618-B26EFD95C4AE}.Release|ARM.ActiveCfg = Release|ARM
		{31280A9C-BBD1-431E-B618-B26EFD95C4AE}.Release|ARM.Build.0 = Release|ARM
		{31280A9C-BBD1-431E-B618-B26EFD95C4AE}.Release|ARM64.ActiveCfg = Release|ARM64
		{31280A9C-BBD1-431E-B618-B26EFD95C4AE}.Release|ARM64.Build.0 = Release|ARM64
		{31280A9C-BBD1-431E-B618-B26EFD95C4AE}.Release|x64.ActiveCfg = Release|x64
		{31280A9C-BBD1-431E-B618-B26EFD95C4AE}.Release|x64.Build.0 = Release|x64
		{31280A9C-BBD1-431E-B618-B26EFD95C4AE}.Release|x86.ActiveCfg = Release|x86
		{31280A9C-BBD1-431E-B618-B26EFD95C4AE}.Release|x86.Build.0 = Release|x86
		{D98228C9-010B-4ACE-87C3-6866E57C7DEC}.Debug|Any CPU.ActiveCfg = Debug|Any CPU
		{D98228C9-010B-4ACE-87C3-6866E57C7DEC}.Debug|Any CPU.Build.0 = Debug|Any CPU
		{D98228C9-010B-4ACE-87C3-6866E57C7DEC}.Debug|ARM.ActiveCfg = Debug|ARM
		{D98228C9-010B-4ACE-87C3-6866E57C7DEC}.Debug|ARM.Build.0 = Debug|ARM
		{D98228C9-010B-4ACE-87C3-6866E57C7DEC}.Debug|ARM64.ActiveCfg = Debug|ARM64
		{D98228C9-010B-4ACE-87C3-6866E57C7DEC}.Debug|ARM64.Build.0 = Debug|ARM64
		{D98228C9-010B-4ACE-87C3-6866E57C7DEC}.Debug|x64.ActiveCfg = Debug|x64
		{D98228C9-010B-4ACE-87C3-6866E57C7DEC}.Debug|x64.Build.0 = Debug|x64
		{D98228C9-010B-4ACE-87C3-6866E57C7DEC}.Debug|x86.ActiveCfg = Debug|x86
		{D98228C9-010B-4ACE-87C3-6866E57C7DEC}.Debug|x86.Build.0 = Debug|x86
		{D98228C9-010B-4ACE-87C3-6866E57C7DEC}.Release|Any CPU.ActiveCfg = Release|Any CPU
		{D98228C9-010B-4ACE-87C3-6866E57C7DEC}.Release|Any CPU.Build.0 = Release|Any CPU
		{D98228C9-010B-4ACE-87C3-6866E57C7DEC}.Release|ARM.ActiveCfg = Release|ARM
		{D98228C9-010B-4ACE-87C3-6866E57C7DEC}.Release|ARM.Build.0 = Release|ARM
		{D98228C9-010B-4ACE-87C3-6866E57C7DEC}.Release|ARM64.ActiveCfg = Release|ARM64
		{D98228C9-010B-4ACE-87C3-6866E57C7DEC}.Release|ARM64.Build.0 = Release|ARM64
		{D98228C9-010B-4ACE-87C3-6866E57C7DEC}.Release|x64.ActiveCfg = Release|x64
		{D98228C9-010B-4ACE-87C3-6866E57C7DEC}.Release|x64.Build.0 = Release|x64
		{D98228C9-010B-4ACE-87C3-6866E57C7DEC}.Release|x86.ActiveCfg = Release|x86
		{D98228C9-010B-4ACE-87C3-6866E57C7DEC}.Release|x86.Build.0 = Release|x86
	EndGlobalSection
	GlobalSection(SolutionProperties) = preSolution
		HideSolutionNode = FALSE
	EndGlobalSection
	GlobalSection(NestedProjects) = preSolution
		{CEC86A4C-6CA1-413B-A095-01C871F05DAF} = {B9A1B228-DE32-437D-B485-E70DEB82355B}
		{8966C530-0C7C-4B2B-BA50-75470076B853} = {28482656-8442-4D37-8F7A-12F28671231E}
		{31280A9C-BBD1-431E-B618-B26EFD95C4AE} = {B9A1B228-DE32-437D-B485-E70DEB82355B}
		{D98228C9-010B-4ACE-87C3-6866E57C7DEC} = {56AACC33-B66E-4701-AE7F-AC513AA3B983}
	EndGlobalSection
	GlobalSection(ExtensibilityGlobals) = postSolution
		SolutionGuid = {43633A4C-541E-42FE-BC2F-26208BBFEE15}
	EndGlobalSection
EndGlobal
