
Microsoft Visual Studio Solution File, Format Version 12.00
# Visual Studio Version 17
VisualStudioVersion = 17.5.002.0
MinimumVisualStudioVersion = 10.0.40219.1
Project("{9A19103F-16F7-4668-BE54-9A1E7A4F7556}") = "Petaverse.UWP.Core", "Petaverse.UWP.Core.csproj", "{310F776A-1B85-4642-927F-909C98D6A9E9}"
EndProject
Global
	GlobalSection(SolutionConfigurationPlatforms) = preSolution
		Debug|Any CPU = Debug|Any CPU
		Release|Any CPU = Release|Any CPU
	EndGlobalSection
	GlobalSection(ProjectConfigurationPlatforms) = postSolution
		{310F776A-1B85-4642-927F-909C98D6A9E9}.Debug|Any CPU.ActiveCfg = Debug|Any CPU
		{310F776A-1B85-4642-927F-909C98D6A9E9}.Debug|Any CPU.Build.0 = Debug|Any CPU
		{310F776A-1B85-4642-927F-909C98D6A9E9}.Release|Any CPU.ActiveCfg = Release|Any CPU
		{310F776A-1B85-4642-927F-909C98D6A9E9}.Release|Any CPU.Build.0 = Release|Any CPU
	EndGlobalSection
	GlobalSection(SolutionProperties) = preSolution
		HideSolutionNode = FALSE
	EndGlobalSection
	GlobalSection(ExtensibilityGlobals) = postSolution
		SolutionGuid = {A9D549C9-2A1C-4E2B-AE30-23373F15149D}
	EndGlobalSection
EndGlobal
